
Microsoft Visual Studio Solution File, Format Version 12.00
# Visual Studio Version 16
VisualStudioVersion = 16.0.28803.352
MinimumVisualStudioVersion = 10.0.40219.1
Project("{FAE04EC0-301F-11D3-BF4B-00C04F79EFBC}") = "Parcial2-LindonCastillo", "Parcial2-LindonCastillo\Parcial2-LindonCastillo.csproj", "{EF0F58AF-DA97-4CA7-B2CB-05C8ADF4D5BA}"
EndProject
Project("{FAE04EC0-301F-11D3-BF4B-00C04F79EFBC}") = "Parcial2-LindonCastilloTests1", "Parcial2-LindonCastilloTests1\Parcial2-LindonCastilloTests1.csproj", "{D6AF1AC7-B74B-4C62-87DE-95626E56C358}"
EndProject
Global
	GlobalSection(SolutionConfigurationPlatforms) = preSolution
		Debug|Any CPU = Debug|Any CPU
		Release|Any CPU = Release|Any CPU
	EndGlobalSection
	GlobalSection(ProjectConfigurationPlatforms) = postSolution
		{EF0F58AF-DA97-4CA7-B2CB-05C8ADF4D5BA}.Debug|Any CPU.ActiveCfg = Debug|Any CPU
		{EF0F58AF-DA97-4CA7-B2CB-05C8ADF4D5BA}.Debug|Any CPU.Build.0 = Debug|Any CPU
		{EF0F58AF-DA97-4CA7-B2CB-05C8ADF4D5BA}.Release|Any CPU.ActiveCfg = Release|Any CPU
		{EF0F58AF-DA97-4CA7-B2CB-05C8ADF4D5BA}.Release|Any CPU.Build.0 = Release|Any CPU
		{D6AF1AC7-B74B-4C62-87DE-95626E56C358}.Debug|Any CPU.ActiveCfg = Debug|Any CPU
		{D6AF1AC7-B74B-4C62-87DE-95626E56C358}.Debug|Any CPU.Build.0 = Debug|Any CPU
		{D6AF1AC7-B74B-4C62-87DE-95626E56C358}.Release|Any CPU.ActiveCfg = Release|Any CPU
		{D6AF1AC7-B74B-4C62-87DE-95626E56C358}.Release|Any CPU.Build.0 = Release|Any CPU
	EndGlobalSection
	GlobalSection(SolutionProperties) = preSolution
		HideSolutionNode = FALSE
	EndGlobalSection
	GlobalSection(ExtensibilityGlobals) = postSolution
		SolutionGuid = {9F8D63AD-8CD5-4809-9C7B-C4EB82B97F49}
	EndGlobalSection
EndGlobal
